
Microsoft Visual Studio Solution File, Format Version 12.00
Project("{FAE04EC0-301F-11D3-BF4B-00C04F79EFBC}") = "IQSoft.PersonList.Web", "IQSoft.PersonList.Web\IQSoft.PersonList.Web.csproj", "{8A10C3BD-E5CD-4777-9B2A-36C4C8700AAE}"
EndProject
Project("{FAE04EC0-301F-11D3-BF4B-00C04F79EFBC}") = "IQSoft.PersonList.Server", "IQSoft.PersonList.Server\IQSoft.PersonList.Server.csproj", "{4A6CD703-9FBA-4A76-8C70-0ED0D68B9F0D}"
EndProject
Project("{2150E333-8FDC-42A3-9474-1A3956D46DE8}") = "Server", "Server", "{718A2FC7-8A56-4CE5-B7E3-EA21E463C21D}"
EndProject
Project("{FAE04EC0-301F-11D3-BF4B-00C04F79EFBC}") = "IQSoft.PersonList.Domain", "IQSoft.PersonList.Domain\IQSoft.PersonList.Domain.csproj", "{A5DBF013-416F-4177-84F6-3B013F93C926}"
EndProject
Project("{FAE04EC0-301F-11D3-BF4B-00C04F79EFBC}") = "IQSoft.PersonList.CQRS", "IQSoft.PersonList.CQRS\IQSoft.PersonList.CQRS.csproj", "{750C96EA-AD49-4F79-8F42-DB6023661A3E}"
EndProject
Project("{FAE04EC0-301F-11D3-BF4B-00C04F79EFBC}") = "IQSoft.PersonList.Server.Dal", "IQSoft.PersonList.Server.Dal\IQSoft.PersonList.Server.Dal.csproj", "{E5C72AF9-162A-420D-AFE2-D579738F9575}"
EndProject
Project("{FAE04EC0-301F-11D3-BF4B-00C04F79EFBC}") = "IQSoft.PersonList.CQRS.Base", "IQSoft.PersonList.CQRS.Base\IQSoft.PersonList.CQRS.Base.csproj", "{28FC9696-C34E-4235-8DBD-CAC40111951E}"
EndProject
Project("{FAE04EC0-301F-11D3-BF4B-00C04F79EFBC}") = "IQSoft.PersonList.API.Client", "IQSoft.PersonList.API.Client\IQSoft.PersonList.API.Client.csproj", "{952D0F0B-B549-4C5B-A817-D700447BFC16}"
EndProject
Global
	GlobalSection(SolutionConfigurationPlatforms) = preSolution
		Debug|Any CPU = Debug|Any CPU
		Release|Any CPU = Release|Any CPU
	EndGlobalSection
	GlobalSection(ProjectConfigurationPlatforms) = postSolution
		{8A10C3BD-E5CD-4777-9B2A-36C4C8700AAE}.Debug|Any CPU.ActiveCfg = Debug|Any CPU
		{8A10C3BD-E5CD-4777-9B2A-36C4C8700AAE}.Debug|Any CPU.Build.0 = Debug|Any CPU
		{8A10C3BD-E5CD-4777-9B2A-36C4C8700AAE}.Release|Any CPU.ActiveCfg = Release|Any CPU
		{8A10C3BD-E5CD-4777-9B2A-36C4C8700AAE}.Release|Any CPU.Build.0 = Release|Any CPU
		{4A6CD703-9FBA-4A76-8C70-0ED0D68B9F0D}.Debug|Any CPU.ActiveCfg = Debug|Any CPU
		{4A6CD703-9FBA-4A76-8C70-0ED0D68B9F0D}.Debug|Any CPU.Build.0 = Debug|Any CPU
		{4A6CD703-9FBA-4A76-8C70-0ED0D68B9F0D}.Release|Any CPU.ActiveCfg = Release|Any CPU
		{4A6CD703-9FBA-4A76-8C70-0ED0D68B9F0D}.Release|Any CPU.Build.0 = Release|Any CPU
		{A5DBF013-416F-4177-84F6-3B013F93C926}.Debug|Any CPU.ActiveCfg = Debug|Any CPU
		{A5DBF013-416F-4177-84F6-3B013F93C926}.Debug|Any CPU.Build.0 = Debug|Any CPU
		{A5DBF013-416F-4177-84F6-3B013F93C926}.Release|Any CPU.ActiveCfg = Release|Any CPU
		{A5DBF013-416F-4177-84F6-3B013F93C926}.Release|Any CPU.Build.0 = Release|Any CPU
		{750C96EA-AD49-4F79-8F42-DB6023661A3E}.Debug|Any CPU.ActiveCfg = Debug|Any CPU
		{750C96EA-AD49-4F79-8F42-DB6023661A3E}.Debug|Any CPU.Build.0 = Debug|Any CPU
		{750C96EA-AD49-4F79-8F42-DB6023661A3E}.Release|Any CPU.ActiveCfg = Release|Any CPU
		{750C96EA-AD49-4F79-8F42-DB6023661A3E}.Release|Any CPU.Build.0 = Release|Any CPU
		{E5C72AF9-162A-420D-AFE2-D579738F9575}.Debug|Any CPU.ActiveCfg = Debug|Any CPU
		{E5C72AF9-162A-420D-AFE2-D579738F9575}.Debug|Any CPU.Build.0 = Debug|Any CPU
		{E5C72AF9-162A-420D-AFE2-D579738F9575}.Release|Any CPU.ActiveCfg = Release|Any CPU
		{E5C72AF9-162A-420D-AFE2-D579738F9575}.Release|Any CPU.Build.0 = Release|Any CPU
		{28FC9696-C34E-4235-8DBD-CAC40111951E}.Debug|Any CPU.ActiveCfg = Debug|Any CPU
		{28FC9696-C34E-4235-8DBD-CAC40111951E}.Debug|Any CPU.Build.0 = Debug|Any CPU
		{28FC9696-C34E-4235-8DBD-CAC40111951E}.Release|Any CPU.ActiveCfg = Release|Any CPU
		{28FC9696-C34E-4235-8DBD-CAC40111951E}.Release|Any CPU.Build.0 = Release|Any CPU
		{952D0F0B-B549-4C5B-A817-D700447BFC16}.Debug|Any CPU.ActiveCfg = Debug|Any CPU
		{952D0F0B-B549-4C5B-A817-D700447BFC16}.Debug|Any CPU.Build.0 = Debug|Any CPU
		{952D0F0B-B549-4C5B-A817-D700447BFC16}.Release|Any CPU.ActiveCfg = Release|Any CPU
		{952D0F0B-B549-4C5B-A817-D700447BFC16}.Release|Any CPU.Build.0 = Release|Any CPU
	EndGlobalSection
	GlobalSection(NestedProjects) = preSolution
		{4A6CD703-9FBA-4A76-8C70-0ED0D68B9F0D} = {718A2FC7-8A56-4CE5-B7E3-EA21E463C21D}
		{A5DBF013-416F-4177-84F6-3B013F93C926} = {718A2FC7-8A56-4CE5-B7E3-EA21E463C21D}
		{750C96EA-AD49-4F79-8F42-DB6023661A3E} = {718A2FC7-8A56-4CE5-B7E3-EA21E463C21D}
		{E5C72AF9-162A-420D-AFE2-D579738F9575} = {718A2FC7-8A56-4CE5-B7E3-EA21E463C21D}
		{28FC9696-C34E-4235-8DBD-CAC40111951E} = {718A2FC7-8A56-4CE5-B7E3-EA21E463C21D}
		{952D0F0B-B549-4C5B-A817-D700447BFC16} = {718A2FC7-8A56-4CE5-B7E3-EA21E463C21D}
	EndGlobalSection
EndGlobal
